
Microsoft Visual Studio Solution File, Format Version 12.00
# Visual Studio Version 17
VisualStudioVersion = 17.11.35327.3
MinimumVisualStudioVersion = 10.0.40219.1
Project("{9A19103F-16F7-4668-BE54-9A1E7A4F7556}") = "Task8.BL", "Task8.BL/Task8.BL.csproj", "{3E25381B-8D01-484E-BAF7-6E6126A70F5D}"
EndProject
Project("{9A19103F-16F7-4668-BE54-9A1E7A4F7556}") = "Task8.DAL", "Task8.DAL/Task8.DAL.csproj", "{EBD4235C-F06B-438A-8703-0939B4160221}"
EndProject
Project("{2150E333-8FDC-42A3-9474-1A3956D46DE8}") = "tests", "tests", "{43FDE507-6350-4DBA-92DA-123F7BBCEDFC}"
EndProject
Project("{FAE04EC0-301F-11D3-BF4B-00C04F79EFBC}") = "Task8.BL.Tests", "Task8.BL.Tests/Task8.BL.Tests.csproj", "{A51EDE79-57E6-4545-89AE-A43BCFCBCDD4}"
EndProject
Project("{FAE04EC0-301F-11D3-BF4B-00C04F79EFBC}") = "Task8.DAL.Tests", "Task8.DAL.Tests/Task8.DAL.Tests.csproj", "{CEA0AD54-19F0-4484-81C1-849EC5C7CF4B}"
EndProject
Global
	GlobalSection(SolutionConfigurationPlatforms) = preSolution
		Debug|Any CPU = Debug|Any CPU
		Release|Any CPU = Release|Any CPU
	EndGlobalSection
	GlobalSection(ProjectConfigurationPlatforms) = postSolution
		{3E25381B-8D01-484E-BAF7-6E6126A70F5D}.Debug|Any CPU.ActiveCfg = Debug|Any CPU
		{3E25381B-8D01-484E-BAF7-6E6126A70F5D}.Debug|Any CPU.Build.0 = Debug|Any CPU
		{3E25381B-8D01-484E-BAF7-6E6126A70F5D}.Release|Any CPU.ActiveCfg = Release|Any CPU
		{3E25381B-8D01-484E-BAF7-6E6126A70F5D}.Release|Any CPU.Build.0 = Release|Any CPU
		{EBD4235C-F06B-438A-8703-0939B4160221}.Debug|Any CPU.ActiveCfg = Debug|Any CPU
		{EBD4235C-F06B-438A-8703-0939B4160221}.Debug|Any CPU.Build.0 = Debug|Any CPU
		{EBD4235C-F06B-438A-8703-0939B4160221}.Release|Any CPU.ActiveCfg = Release|Any CPU
		{EBD4235C-F06B-438A-8703-0939B4160221}.Release|Any CPU.Build.0 = Release|Any CPU
		{A51EDE79-57E6-4545-89AE-A43BCFCBCDD4}.Debug|Any CPU.ActiveCfg = Debug|Any CPU
		{A51EDE79-57E6-4545-89AE-A43BCFCBCDD4}.Debug|Any CPU.Build.0 = Debug|Any CPU
		{A51EDE79-57E6-4545-89AE-A43BCFCBCDD4}.Release|Any CPU.ActiveCfg = Release|Any CPU
		{A51EDE79-57E6-4545-89AE-A43BCFCBCDD4}.Release|Any CPU.Build.0 = Release|Any CPU
		{CEA0AD54-19F0-4484-81C1-849EC5C7CF4B}.Debug|Any CPU.ActiveCfg = Debug|Any CPU
		{CEA0AD54-19F0-4484-81C1-849EC5C7CF4B}.Debug|Any CPU.Build.0 = Debug|Any CPU
		{CEA0AD54-19F0-4484-81C1-849EC5C7CF4B}.Release|Any CPU.ActiveCfg = Release|Any CPU
		{CEA0AD54-19F0-4484-81C1-849EC5C7CF4B}.Release|Any CPU.Build.0 = Release|Any CPU
	EndGlobalSection
	GlobalSection(SolutionProperties) = preSolution
		HideSolutionNode = FALSE
	EndGlobalSection
	GlobalSection(NestedProjects) = preSolution
		{A51EDE79-57E6-4545-89AE-A43BCFCBCDD4} = {43FDE507-6350-4DBA-92DA-123F7BBCEDFC}
		{CEA0AD54-19F0-4484-81C1-849EC5C7CF4B} = {43FDE507-6350-4DBA-92DA-123F7BBCEDFC}
	EndGlobalSection
	GlobalSection(ExtensibilityGlobals) = postSolution
		SolutionGuid = {BBD8B89D-0220-4223-8CEE-5CBFD243F6B7}
	EndGlobalSection
EndGlobal
